// !$*UTF8*$!
{
	archiveVersion = 1;
	classes = {
	};
	objectVersion = 50;
	objects = {

/* Begin PBXBuildFile section */
		95984CEC20F4C32C00A39126 /* AppDelegate.swift in Sources */ = {isa = PBXBuildFile; fileRef = 95984CEB20F4C32C00A39126 /* AppDelegate.swift */; };
		95984CEE20F4C32C00A39126 /* ViewController.swift in Sources */ = {isa = PBXBuildFile; fileRef = 95984CED20F4C32C00A39126 /* ViewController.swift */; };
		95984CF120F4C32C00A39126 /* Main.storyboard in Resources */ = {isa = PBXBuildFile; fileRef = 95984CEF20F4C32C00A39126 /* Main.storyboard */; };
		95984CF320F4C32F00A39126 /* Assets.xcassets in Resources */ = {isa = PBXBuildFile; fileRef = 95984CF220F4C32F00A39126 /* Assets.xcassets */; };
		95984CF620F4C32F00A39126 /* LaunchScreen.storyboard in Resources */ = {isa = PBXBuildFile; fileRef = 95984CF420F4C32F00A39126 /* LaunchScreen.storyboard */; };
		95984D0120F4C32F00A39126 /* HelloWorldTests.swift in Sources */ = {isa = PBXBuildFile; fileRef = 95984D0020F4C32F00A39126 /* HelloWorldTests.swift */; };
		95984D0C20F4C32F00A39126 /* HelloWorldUITests.swift in Sources */ = {isa = PBXBuildFile; fileRef = 95984D0B20F4C32F00A39126 /* HelloWorldUITests.swift */; };
/* End PBXBuildFile section */

/* Begin PBXContainerItemProxy section */
		95984CFD20F4C32F00A39126 /* PBXContainerItemProxy */ = {
			isa = PBXContainerItemProxy;
			containerPortal = 95984CE020F4C32C00A39126 /* Project object */;
			proxyType = 1;
			remoteGlobalIDString = 95984CE720F4C32C00A39126;
			remoteInfo = HelloWorld;
		};
		95984D0820F4C32F00A39126 /* PBXContainerItemProxy */ = {
			isa = PBXContainerItemProxy;
			containerPortal = 95984CE020F4C32C00A39126 /* Project object */;
			proxyType = 1;
			remoteGlobalIDString = 95984CE720F4C32C00A39126;
			remoteInfo = HelloWorld;
		};
/* End PBXContainerItemProxy section */

/* Begin PBXFileReference section */
		95984CE820F4C32C00A39126 /* HelloWorld.app */ = {isa = PBXFileReference; explicitFileType = wrapper.application; includeInIndex = 0; path = HelloWorld.app; sourceTree = BUILT_PRODUCTS_DIR; };
		95984CEB20F4C32C00A39126 /* AppDelegate.swift */ = {isa = PBXFileReference; lastKnownFileType = sourcecode.swift; path = AppDelegate.swift; sourceTree = "<group>"; };
		95984CED20F4C32C00A39126 /* ViewController.swift */ = {isa = PBXFileReference; lastKnownFileType = sourcecode.swift; path = ViewController.swift; sourceTree = "<group>"; };
		95984CF020F4C32C00A39126 /* Base */ = {isa = PBXFileReference; lastKnownFileType = file.storyboard; name = Base; path = Base.lproj/Main.storyboard; sourceTree = "<group>"; };
		95984CF220F4C32F00A39126 /* Assets.xcassets */ = {isa = PBXFileReference; lastKnownFileType = folder.assetcatalog; path = Assets.xcassets; sourceTree = "<group>"; };
		95984CF520F4C32F00A39126 /* Base */ = {isa = PBXFileReference; lastKnownFileType = file.storyboard; name = Base; path = Base.lproj/LaunchScreen.storyboard; sourceTree = "<group>"; };
		95984CF720F4C32F00A39126 /* Info.plist */ = {isa = PBXFileReference; lastKnownFileType = text.plist.xml; path = Info.plist; sourceTree = "<group>"; };
		95984CFC20F4C32F00A39126 /* HelloWorldTests.xctest */ = {isa = PBXFileReference; explicitFileType = wrapper.cfbundle; includeInIndex = 0; path = HelloWorldTests.xctest; sourceTree = BUILT_PRODUCTS_DIR; };
		95984D0020F4C32F00A39126 /* HelloWorldTests.swift */ = {isa = PBXFileReference; lastKnownFileType = sourcecode.swift; path = HelloWorldTests.swift; sourceTree = "<group>"; };
		95984D0220F4C32F00A39126 /* Info.plist */ = {isa = PBXFileReference; lastKnownFileType = text.plist.xml; path = Info.plist; sourceTree = "<group>"; };
		95984D0720F4C32F00A39126 /* HelloWorldUITests.xctest */ = {isa = PBXFileReference; explicitFileType = wrapper.cfbundle; includeInIndex = 0; path = HelloWorldUITests.xctest; sourceTree = BUILT_PRODUCTS_DIR; };
		95984D0B20F4C32F00A39126 /* HelloWorldUITests.swift */ = {isa = PBXFileReference; lastKnownFileType = sourcecode.swift; path = HelloWorldUITests.swift; sourceTree = "<group>"; };
		95984D0D20F4C32F00A39126 /* Info.plist */ = {isa = PBXFileReference; lastKnownFileType = text.plist.xml; path = Info.plist; sourceTree = "<group>"; };
/* End PBXFileReference section */

/* Begin PBXFrameworksBuildPhase section */
		95984CE520F4C32C00A39126 /* Frameworks */ = {
			isa = PBXFrameworksBuildPhase;
			buildActionMask = 2147483647;
			files = (
			);
			runOnlyForDeploymentPostprocessing = 0;
		};
		95984CF920F4C32F00A39126 /* Frameworks */ = {
			isa = PBXFrameworksBuildPhase;
			buildActionMask = 2147483647;
			files = (
			);
			runOnlyForDeploymentPostprocessing = 0;
		};
		95984D0420F4C32F00A39126 /* Frameworks */ = {
			isa = PBXFrameworksBuildPhase;
			buildActionMask = 2147483647;
			files = (
			);
			runOnlyForDeploymentPostprocessing = 0;
		};
/* End PBXFrameworksBuildPhase section */

/* Begin PBXGroup section */
		95984CDF20F4C32C00A39126 = {
			isa = PBXGroup;
			children = (
				95984CEA20F4C32C00A39126 /* HelloWorld */,
				95984CFF20F4C32F00A39126 /* HelloWorldTests */,
				95984D0A20F4C32F00A39126 /* HelloWorldUITests */,
				95984CE920F4C32C00A39126 /* Products */,
			);
			sourceTree = "<group>";
		};
		95984CE920F4C32C00A39126 /* Products */ = {
			isa = PBXGroup;
			children = (
				95984CE820F4C32C00A39126 /* HelloWorld.app */,
				95984CFC20F4C32F00A39126 /* HelloWorldTests.xctest */,
				95984D0720F4C32F00A39126 /* HelloWorldUITests.xctest */,
			);
			name = Products;
			sourceTree = "<group>";
		};
		95984CEA20F4C32C00A39126 /* HelloWorld */ = {
			isa = PBXGroup;
			children = (
				95984CEB20F4C32C00A39126 /* AppDelegate.swift */,
				95984CED20F4C32C00A39126 /* ViewController.swift */,
				95984CEF20F4C32C00A39126 /* Main.storyboard */,
				95984CF220F4C32F00A39126 /* Assets.xcassets */,
				95984CF420F4C32F00A39126 /* LaunchScreen.storyboard */,
				95984CF720F4C32F00A39126 /* Info.plist */,
			);
			path = HelloWorld;
			sourceTree = "<group>";
		};
		95984CFF20F4C32F00A39126 /* HelloWorldTests */ = {
			isa = PBXGroup;
			children = (
				95984D0020F4C32F00A39126 /* HelloWorldTests.swift */,
				95984D0220F4C32F00A39126 /* Info.plist */,
			);
			path = HelloWorldTests;
			sourceTree = "<group>";
		};
		95984D0A20F4C32F00A39126 /* HelloWorldUITests */ = {
			isa = PBXGroup;
			children = (
				95984D0B20F4C32F00A39126 /* HelloWorldUITests.swift */,
				95984D0D20F4C32F00A39126 /* Info.plist */,
			);
			path = HelloWorldUITests;
			sourceTree = "<group>";
		};
/* End PBXGroup section */

/* Begin PBXNativeTarget section */
		95984CE720F4C32C00A39126 /* HelloWorld */ = {
			isa = PBXNativeTarget;
			buildConfigurationList = 95984D1020F4C32F00A39126 /* Build configuration list for PBXNativeTarget "HelloWorld" */;
			buildPhases = (
				95984CE420F4C32C00A39126 /* Sources */,
				95984CE520F4C32C00A39126 /* Frameworks */,
				95984CE620F4C32C00A39126 /* Resources */,
			);
			buildRules = (
			);
			dependencies = (
			);
			name = HelloWorld;
			productName = HelloWorld;
			productReference = 95984CE820F4C32C00A39126 /* HelloWorld.app */;
			productType = "com.apple.product-type.application";
		};
		95984CFB20F4C32F00A39126 /* HelloWorldTests */ = {
			isa = PBXNativeTarget;
			buildConfigurationList = 95984D1320F4C32F00A39126 /* Build configuration list for PBXNativeTarget "HelloWorldTests" */;
			buildPhases = (
				95984CF820F4C32F00A39126 /* Sources */,
				95984CF920F4C32F00A39126 /* Frameworks */,
				95984CFA20F4C32F00A39126 /* Resources */,
			);
			buildRules = (
			);
			dependencies = (
				95984CFE20F4C32F00A39126 /* PBXTargetDependency */,
			);
			name = HelloWorldTests;
			productName = HelloWorldTests;
			productReference = 95984CFC20F4C32F00A39126 /* HelloWorldTests.xctest */;
			productType = "com.apple.product-type.bundle.unit-test";
		};
		95984D0620F4C32F00A39126 /* HelloWorldUITests */ = {
			isa = PBXNativeTarget;
			buildConfigurationList = 95984D1620F4C32F00A39126 /* Build configuration list for PBXNativeTarget "HelloWorldUITests" */;
			buildPhases = (
				95984D0320F4C32F00A39126 /* Sources */,
				95984D0420F4C32F00A39126 /* Frameworks */,
				95984D0520F4C32F00A39126 /* Resources */,
			);
			buildRules = (
			);
			dependencies = (
				95984D0920F4C32F00A39126 /* PBXTargetDependency */,
			);
			name = HelloWorldUITests;
			productName = HelloWorldUITests;
			productReference = 95984D0720F4C32F00A39126 /* HelloWorldUITests.xctest */;
			productType = "com.apple.product-type.bundle.ui-testing";
		};
/* End PBXNativeTarget section */

/* Begin PBXProject section */
		95984CE020F4C32C00A39126 /* Project object */ = {
			isa = PBXProject;
			attributes = {
				LastSwiftUpdateCheck = 0930;
				LastUpgradeCheck = 0930;
				ORGANIZATIONNAME = GitHubmcxmc;
				TargetAttributes = {
					95984CE720F4C32C00A39126 = {
						CreatedOnToolsVersion = 9.3.1;
					};
					95984CFB20F4C32F00A39126 = {
						CreatedOnToolsVersion = 9.3.1;
						TestTargetID = 95984CE720F4C32C00A39126;
					};
					95984D0620F4C32F00A39126 = {
						CreatedOnToolsVersion = 9.3.1;
						TestTargetID = 95984CE720F4C32C00A39126;
					};
				};
			};
			buildConfigurationList = 95984CE320F4C32C00A39126 /* Build configuration list for PBXProject "HelloWorld" */;
			compatibilityVersion = "Xcode 9.3";
			developmentRegion = en;
			hasScannedForEncodings = 0;
			knownRegions = (
				en,
				Base,
			);
			mainGroup = 95984CDF20F4C32C00A39126;
			productRefGroup = 95984CE920F4C32C00A39126 /* Products */;
			projectDirPath = "";
			projectRoot = "";
			targets = (
				95984CE720F4C32C00A39126 /* HelloWorld */,
				95984CFB20F4C32F00A39126 /* HelloWorldTests */,
				95984D0620F4C32F00A39126 /* HelloWorldUITests */,
			);
		};
/* End PBXProject section */

/* Begin PBXResourcesBuildPhase section */
		95984CE620F4C32C00A39126 /* Resources */ = {
			isa = PBXResourcesBuildPhase;
			buildActionMask = 2147483647;
			files = (
				95984CF620F4C32F00A39126 /* LaunchScreen.storyboard in Resources */,
				95984CF320F4C32F00A39126 /* Assets.xcassets in Resources */,
				95984CF120F4C32C00A39126 /* Main.storyboard in Resources */,
			);
			runOnlyForDeploymentPostprocessing = 0;
		};
		95984CFA20F4C32F00A39126 /* Resources */ = {
			isa = PBXResourcesBuildPhase;
			buildActionMask = 2147483647;
			files = (
			);
			runOnlyForDeploymentPostprocessing = 0;
		};
		95984D0520F4C32F00A39126 /* Resources */ = {
			isa = PBXResourcesBuildPhase;
			buildActionMask = 2147483647;
			files = (
			);
			runOnlyForDeploymentPostprocessing = 0;
		};
/* End PBXResourcesBuildPhase section */

/* Begin PBXSourcesBuildPhase section */
		95984CE420F4C32C00A39126 /* Sources */ = {
			isa = PBXSourcesBuildPhase;
			buildActionMask = 2147483647;
			files = (
				95984CEE20F4C32C00A39126 /* ViewController.swift in Sources */,
				95984CEC20F4C32C00A39126 /* AppDelegate.swift in Sources */,
			);
			runOnlyForDeploymentPostprocessing = 0;
		};
		95984CF820F4C32F00A39126 /* Sources */ = {
			isa = PBXSourcesBuildPhase;
			buildActionMask = 2147483647;
			files = (
				95984D0120F4C32F00A39126 /* HelloWorldTests.swift in Sources */,
			);
			runOnlyForDeploymentPostprocessing = 0;
		};
		95984D0320F4C32F00A39126 /* Sources */ = {
			isa = PBXSourcesBuildPhase;
			buildActionMask = 2147483647;
			files = (
				95984D0C20F4C32F00A39126 /* HelloWorldUITests.swift in Sources */,
			);
			runOnlyForDeploymentPostprocessing = 0;
		};
/* End PBXSourcesBuildPhase section */

/* Begin PBXTargetDependency section */
		95984CFE20F4C32F00A39126 /* PBXTargetDependency */ = {
			isa = PBXTargetDependency;
			target = 95984CE720F4C32C00A39126 /* HelloWorld */;
			targetProxy = 95984CFD20F4C32F00A39126 /* PBXContainerItemProxy */;
		};
		95984D0920F4C32F00A39126 /* PBXTargetDependency */ = {
			isa = PBXTargetDependency;
			target = 95984CE720F4C32C00A39126 /* HelloWorld */;
			targetProxy = 95984D0820F4C32F00A39126 /* PBXContainerItemProxy */;
		};
/* End PBXTargetDependency section */

/* Begin PBXVariantGroup section */
		95984CEF20F4C32C00A39126 /* Main.storyboard */ = {
			isa = PBXVariantGroup;
			children = (
				95984CF020F4C32C00A39126 /* Base */,
			);
			name = Main.storyboard;
			sourceTree = "<group>";
		};
		95984CF420F4C32F00A39126 /* LaunchScreen.storyboard */ = {
			isa = PBXVariantGroup;
			children = (
				95984CF520F4C32F00A39126 /* Base */,
			);
			name = LaunchScreen.storyboard;
			sourceTree = "<group>";
		};
/* End PBXVariantGroup section */

/* Begin XCBuildConfiguration section */
		95984D0E20F4C32F00A39126 /* Debug */ = {
			isa = XCBuildConfiguration;
			buildSettings = {
				ALWAYS_SEARCH_USER_PATHS = NO;
				CLANG_ANALYZER_NONNULL = YES;
				CLANG_ANALYZER_NUMBER_OBJECT_CONVERSION = YES_AGGRESSIVE;
				CLANG_CXX_LANGUAGE_STANDARD = "gnu++14";
				CLANG_CXX_LIBRARY = "libc++";
				CLANG_ENABLE_MODULES = YES;
				CLANG_ENABLE_OBJC_ARC = YES;
				CLANG_ENABLE_OBJC_WEAK = YES;
				CLANG_WARN_BLOCK_CAPTURE_AUTORELEASING = YES;
				CLANG_WARN_BOOL_CONVERSION = YES;
				CLANG_WARN_COMMA = YES;
				CLANG_WARN_CONSTANT_CONVERSION = YES;
				CLANG_WARN_DEPRECATED_OBJC_IMPLEMENTATIONS = YES;
				CLANG_WARN_DIRECT_OBJC_ISA_USAGE = YES_ERROR;
				CLANG_WARN_DOCUMENTATION_COMMENTS = YES;
				CLANG_WARN_EMPTY_BODY = YES;
				CLANG_WARN_ENUM_CONVERSION = YES;
				CLANG_WARN_INFINITE_RECURSION = YES;
				CLANG_WARN_INT_CONVERSION = YES;
				CLANG_WARN_NON_LITERAL_NULL_CONVERSION = YES;
				CLANG_WARN_OBJC_IMPLICIT_RETAIN_SELF = YES;
				CLANG_WARN_OBJC_LITERAL_CONVERSION = YES;
				CLANG_WARN_OBJC_ROOT_CLASS = YES_ERROR;
				CLANG_WARN_RANGE_LOOP_ANALYSIS = YES;
				CLANG_WARN_STRICT_PROTOTYPES = YES;
				CLANG_WARN_SUSPICIOUS_MOVE = YES;
				CLANG_WARN_UNGUARDED_AVAILABILITY = YES_AGGRESSIVE;
				CLANG_WARN_UNREACHABLE_CODE = YES;
				CLANG_WARN__DUPLICATE_METHOD_MATCH = YES;
				CODE_SIGN_IDENTITY = "iPhone Developer";
				COPY_PHASE_STRIP = NO;
				DEBUG_INFORMATION_FORMAT = dwarf;
				ENABLE_STRICT_OBJC_MSGSEND = YES;
				ENABLE_TESTABILITY = YES;
				GCC_C_LANGUAGE_STANDARD = gnu11;
				GCC_DYNAMIC_NO_PIC = NO;
				GCC_NO_COMMON_BLOCKS = YES;
				GCC_OPTIMIZATION_LEVEL = 0;
				GCC_PREPROCESSOR_DEFINITIONS = (
					"DEBUG=1",
					"$(inherited)",
				);
				GCC_WARN_64_TO_32_BIT_CONVERSION = YES;
				GCC_WARN_ABOUT_RETURN_TYPE = YES_ERROR;
				GCC_WARN_UNDECLARED_SELECTOR = YES;
				GCC_WARN_UNINITIALIZED_AUTOS = YES_AGGRESSIVE;
				GCC_WARN_UNUSED_FUNCTION = YES;
				GCC_WARN_UNUSED_VARIABLE = YES;
				IPHONEOS_DEPLOYMENT_TARGET = 11.3;
				MTL_ENABLE_DEBUG_INFO = YES;
				ONLY_ACTIVE_ARCH = YES;
				SDKROOT = iphoneos;
				SWIFT_ACTIVE_COMPILATION_CONDITIONS = DEBUG;
				SWIFT_OPTIMIZATION_LEVEL = "-Onone";
			};
			name = Debug;
		};
		95984D0F20F4C32F00A39126 /* Release */ = {
			isa = XCBuildConfiguration;
			buildSettings = {
				ALWAYS_SEARCH_USER_PATHS = NO;
				CLANG_ANALYZER_NONNULL = YES;
				CLANG_ANALYZER_NUMBER_OBJECT_CONVERSION = YES_AGGRESSIVE;
				CLANG_CXX_LANGUAGE_STANDARD = "gnu++14";
				CLANG_CXX_LIBRARY = "libc++";
				CLANG_ENABLE_MODULES = YES;
				CLANG_ENABLE_OBJC_ARC = YES;
				CLANG_ENABLE_OBJC_WEAK = YES;
				CLANG_WARN_BLOCK_CAPTURE_AUTORELEASING = YES;
				CLANG_WARN_BOOL_CONVERSION = YES;
				CLANG_WARN_COMMA = YES;
				CLANG_WARN_CONSTANT_CONVERSION = YES;
				CLANG_WARN_DEPRECATED_OBJC_IMPLEMENTATIONS = YES;
				CLANG_WARN_DIRECT_OBJC_ISA_USAGE = YES_ERROR;
				CLANG_WARN_DOCUMENTATION_COMMENTS = YES;
				CLANG_WARN_EMPTY_BODY = YES;
				CLANG_WARN_ENUM_CONVERSION = YES;
				CLANG_WARN_INFINITE_RECURSION = YES;
				CLANG_WARN_INT_CONVERSION = YES;
				CLANG_WARN_NON_LITERAL_NULL_CONVERSION = YES;
				CLANG_WARN_OBJC_IMPLICIT_RETAIN_SELF = YES;
				CLANG_WARN_OBJC_LITERAL_CONVERSION = YES;
				CLANG_WARN_OBJC_ROOT_CLASS = YES_ERROR;
				CLANG_WARN_RANGE_LOOP_ANALYSIS = YES;
				CLANG_WARN_STRICT_PROTOTYPES = YES;
				CLANG_WARN_SUSPICIOUS_MOVE = YES;
				CLANG_WARN_UNGUARDED_AVAILABILITY = YES_AGGRESSIVE;
				CLANG_WARN_UNREACHABLE_CODE = YES;
				CLANG_WARN__DUPLICATE_METHOD_MATCH = YES;
				CODE_SIGN_IDENTITY = "iPhone Developer";
				COPY_PHASE_STRIP = NO;
				DEBUG_INFORMATION_FORMAT = "dwarf-with-dsym";
				ENABLE_NS_ASSERTIONS = NO;
				ENABLE_STRICT_OBJC_MSGSEND = YES;
				GCC_C_LANGUAGE_STANDARD = gnu11;
				GCC_NO_COMMON_BLOCKS = YES;
				GCC_WARN_64_TO_32_BIT_CONVERSION = YES;
				GCC_WARN_ABOUT_RETURN_TYPE = YES_ERROR;
				GCC_WARN_UNDECLARED_SELECTOR = YES;
				GCC_WARN_UNINITIALIZED_AUTOS = YES_AGGRESSIVE;
				GCC_WARN_UNUSED_FUNCTION = YES;
				GCC_WARN_UNUSED_VARIABLE = YES;
				IPHONEOS_DEPLOYMENT_TARGET = 11.3;
				MTL_ENABLE_DEBUG_INFO = NO;
				SDKROOT = iphoneos;
				SWIFT_COMPILATION_MODE = wholemodule;
				SWIFT_OPTIMIZATION_LEVEL = "-O";
				VALIDATE_PRODUCT = YES;
			};
			name = Release;
		};
		95984D1120F4C32F00A39126 /* Debug */ = {
			isa = XCBuildConfiguration;
			buildSettings = {
				ASSETCATALOG_COMPILER_APPICON_NAME = AppIcon;
				CODE_SIGN_STYLE = Automatic;
				DEVELOPMENT_TEAM = 3LGUST8GKW;
				INFOPLIST_FILE = HelloWorld/Info.plist;
				LD_RUNPATH_SEARCH_PATHS = (
					"$(inherited)",
					"@executable_path/Frameworks",
				);
				PRODUCT_BUNDLE_IDENTIFIER = jp.techacademy.GitHubmcxmc.HelloWorld;
				PRODUCT_NAME = "$(TARGET_NAME)";
				SWIFT_VERSION = 4.0;
				TARGETED_DEVICE_FAMILY = "1,2";
			};
			name = Debug;
		};
		95984D1220F4C32F00A39126 /* Release */ = {
			isa = XCBuildConfiguration;
			buildSettings = {
				ASSETCATALOG_COMPILER_APPICON_NAME = AppIcon;
				CODE_SIGN_STYLE = Automatic;
				DEVELOPMENT_TEAM = 3LGUST8GKW;
				INFOPLIST_FILE = HelloWorld/Info.plist;
				LD_RUNPATH_SEARCH_PATHS = (
					"$(inherited)",
					"@executable_path/Frameworks",
				);
				PRODUCT_BUNDLE_IDENTIFIER = jp.techacademy.GitHubmcxmc.HelloWorld;
				PRODUCT_NAME = "$(TARGET_NAME)";
				SWIFT_VERSION = 4.0;
				TARGETED_DEVICE_FAMILY = "1,2";
			};
			name = Release;
		};
		95984D1420F4C32F00A39126 /* Debug */ = {
			isa = XCBuildConfiguration;
			buildSettings = {
				ALWAYS_EMBED_SWIFT_STANDARD_LIBRARIES = YES;
				BUNDLE_LOADER = "$(TEST_HOST)";
				CODE_SIGN_STYLE = Automatic;
				DEVELOPMENT_TEAM = 3LGUST8GKW;
				INFOPLIST_FILE = HelloWorldTests/Info.plist;
				LD_RUNPATH_SEARCH_PATHS = (
					"$(inherited)",
					"@executable_path/Frameworks",
					"@loader_path/Frameworks",
				);
				PRODUCT_BUNDLE_IDENTIFIER = jp.techacademy.GitHubmcxmc.HelloWorldTests;
				PRODUCT_NAME = "$(TARGET_NAME)";
				SWIFT_VERSION = 4.0;
				TARGETED_DEVICE_FAMILY = "1,2";
				TEST_HOST = "$(BUILT_PRODUCTS_DIR)/HelloWorld.app/HelloWorld";
			};
			name = Debug;
		};
		95984D1520F4C32F00A39126 /* Release */ = {
			isa = XCBuildConfiguration;
			buildSettings = {
				ALWAYS_EMBED_SWIFT_STANDARD_LIBRARIES = YES;
				BUNDLE_LOADER = "$(TEST_HOST)";
				CODE_SIGN_STYLE = Automatic;
				DEVELOPMENT_TEAM = 3LGUST8GKW;
				INFOPLIST_FILE = HelloWorldTests/Info.plist;
				LD_RUNPATH_SEARCH_PATHS = (
					"$(inherited)",
					"@executable_path/Frameworks",
					"@loader_path/Frameworks",
				);
				PRODUCT_BUNDLE_IDENTIFIER = jp.techacademy.GitHubmcxmc.HelloWorldTests;
				PRODUCT_NAME = "$(TARGET_NAME)";
				SWIFT_VERSION = 4.0;
				TARGETED_DEVICE_FAMILY = "1,2";
				TEST_HOST = "$(BUILT_PRODUCTS_DIR)/HelloWorld.app/HelloWorld";
			};
			name = Release;
		};
		95984D1720F4C32F00A39126 /* Debug */ = {
			isa = XCBuildConfiguration;
			buildSettings = {
				ALWAYS_EMBED_SWIFT_STANDARD_LIBRARIES = YES;
				CODE_SIGN_STYLE = Automatic;
				DEVELOPMENT_TEAM = 3LGUST8GKW;
				INFOPLIST_FILE = HelloWorldUITests/Info.plist;
				LD_RUNPATH_SEARCH_PATHS = (
					"$(inherited)",
					"@executable_path/Frameworks",
					"@loader_path/Frameworks",
				);
				PRODUCT_BUNDLE_IDENTIFIER = jp.techacademy.GitHubmcxmc.HelloWorldUITests;
				PRODUCT_NAME = "$(TARGET_NAME)";
				SWIFT_VERSION = 4.0;
				TARGETED_DEVICE_FAMILY = "1,2";
				TEST_TARGET_NAME = HelloWorld;
			};
			name = Debug;
		};
		95984D1820F4C32F00A39126 /* Release */ = {
			isa = XCBuildConfiguration;
			buildSettings = {
				ALWAYS_EMBED_SWIFT_STANDARD_LIBRARIES = YES;
				CODE_SIGN_STYLE = Automatic;
				DEVELOPMENT_TEAM = 3LGUST8GKW;
				INFOPLIST_FILE = HelloWorldUITests/Info.plist;
				LD_RUNPATH_SEARCH_PATHS = (
					"$(inherited)",
					"@executable_path/Frameworks",
					"@loader_path/Frameworks",
				);
				PRODUCT_BUNDLE_IDENTIFIER = jp.techacademy.GitHubmcxmc.HelloWorldUITests;
				PRODUCT_NAME = "$(TARGET_NAME)";
				SWIFT_VERSION = 4.0;
				TARGETED_DEVICE_FAMILY = "1,2";
				TEST_TARGET_NAME = HelloWorld;
			};
			name = Release;
		};
/* End XCBuildConfiguration section */

/* Begin XCConfigurationList section */
		95984CE320F4C32C00A39126 /* Build configuration list for PBXProject "HelloWorld" */ = {
			isa = XCConfigurationList;
			buildConfigurations = (
				95984D0E20F4C32F00A39126 /* Debug */,
				95984D0F20F4C32F00A39126 /* Release */,
			);
			defaultConfigurationIsVisible = 0;
			defaultConfigurationName = Release;
		};
		95984D1020F4C32F00A39126 /* Build configuration list for PBXNativeTarget "HelloWorld" */ = {
			isa = XCConfigurationList;
			buildConfigurations = (
				95984D1120F4C32F00A39126 /* Debug */,
				95984D1220F4C32F00A39126 /* Release */,
			);
			defaultConfigurationIsVisible = 0;
			defaultConfigurationName = Release;
		};
		95984D1320F4C32F00A39126 /* Build configuration list for PBXNativeTarget "HelloWorldTests" */ = {
			isa = XCConfigurationList;
			buildConfigurations = (
				95984D1420F4C32F00A39126 /* Debug */,
				95984D1520F4C32F00A39126 /* Release */,
			);
			defaultConfigurationIsVisible = 0;
			defaultConfigurationName = Release;
		};
		95984D1620F4C32F00A39126 /* Build configuration list for PBXNativeTarget "HelloWorldUITests" */ = {
			isa = XCConfigurationList;
			buildConfigurations = (
				95984D1720F4C32F00A39126 /* Debug */,
				95984D1820F4C32F00A39126 /* Release */,
			);
			defaultConfigurationIsVisible = 0;
			defaultConfigurationName = Release;
		};
/* End XCConfigurationList section */
	};
	rootObject = 95984CE020F4C32C00A39126 /* Project object */;
}
